
Microsoft Visual Studio Solution File, Format Version 12.00
# Visual Studio Version 17
VisualStudioVersion = 17.0.31903.59
MinimumVisualStudioVersion = 10.0.40219.1
Project("{2150E333-8FDC-42A3-9474-1A3956D46DE8}") = "src", "src", "{53F2F682-07A1-461B-A363-2F4994557D3B}"
EndProject
Project("{F2A71F9B-5D33-465A-A702-920D77279786}") = "App", "src\App\App.fsproj", "{F2B0075C-7ED7-4446-A5FD-C73BD2734614}"
EndProject
Global
	GlobalSection(SolutionConfigurationPlatforms) = preSolution
		Debug|Any CPU = Debug|Any CPU
		Release|Any CPU = Release|Any CPU
	EndGlobalSection
	GlobalSection(SolutionProperties) = preSolution
		HideSolutionNode = FALSE
	EndGlobalSection
	GlobalSection(ProjectConfigurationPlatforms) = postSolution
		{F2B0075C-7ED7-4446-A5FD-C73BD2734614}.Debug|Any CPU.ActiveCfg = Debug|Any CPU
		{F2B0075C-7ED7-4446-A5FD-C73BD2734614}.Debug|Any CPU.Build.0 = Debug|Any CPU
		{F2B0075C-7ED7-4446-A5FD-C73BD2734614}.Release|Any CPU.ActiveCfg = Release|Any CPU
		{F2B0075C-7ED7-4446-A5FD-C73BD2734614}.Release|Any CPU.Build.0 = Release|Any CPU
	EndGlobalSection
	GlobalSection(NestedProjects) = preSolution
		{F2B0075C-7ED7-4446-A5FD-C73BD2734614} = {53F2F682-07A1-461B-A363-2F4994557D3B}
	EndGlobalSection
EndGlobal
